
Microsoft Visual Studio Solution File, Format Version 12.00
# Visual Studio Version 17
VisualStudioVersion = 17.5.33502.453
MinimumVisualStudioVersion = 10.0.40219.1
Project("{FAE04EC0-301F-11D3-BF4B-00C04F79EFBC}") = "Mqtt-Demo", "Mqtt-Demo.csproj", "{75506753-9126-4E9B-B197-4C572EC1BFE3}"
EndProject
Global
	GlobalSection(SolutionConfigurationPlatforms) = preSolution
		Debug|Any CPU = Debug|Any CPU
		Release|Any CPU = Release|Any CPU
	EndGlobalSection
	GlobalSection(ProjectConfigurationPlatforms) = postSolution
		{75506753-9126-4E9B-B197-4C572EC1BFE3}.Debug|Any CPU.ActiveCfg = Debug|Any CPU
		{75506753-9126-4E9B-B197-4C572EC1BFE3}.Debug|Any CPU.Build.0 = Debug|Any CPU
		{75506753-9126-4E9B-B197-4C572EC1BFE3}.Release|Any CPU.ActiveCfg = Release|Any CPU
		{75506753-9126-4E9B-B197-4C572EC1BFE3}.Release|Any CPU.Build.0 = Release|Any CPU
	EndGlobalSection
	GlobalSection(SolutionProperties) = preSolution
		HideSolutionNode = FALSE
	EndGlobalSection
	GlobalSection(ExtensibilityGlobals) = postSolution
		SolutionGuid = {7A55F9B7-F097-4531-ACC5-214B6A6D0994}
	EndGlobalSection
EndGlobal
